<?xml version="1.0" encoding="UTF-8" standalone="yes" ?>
<CodeBlocks_project_file>
	<FileVersion major="1" minor="6" />
	<Project>
		<Option title="PVegModel" />
		<Option pch_mode="2" />
		<Option compiler="gcc" />
		<Build>
			<Target title="default">
				<Option output="PVegModel" prefix_auto="1" extension_auto="1" />
				<Option type="1" />
				<Option compiler="gcc" />
				<Option parameters="test.dat" />
				<Compiler>
					<Add option="-g" />
				</Compiler>
			</Target>
			<Target title="release">
				<Option platforms="Windows;" />
				<Option output="PVegModel" prefix_auto="1" extension_auto="1" />
				<Option type="1" />
				<Option compiler="gcc" />
				<Option use_console_runner="0" />
				<Compiler>
					<Add option="-O3" />
					<Add option="-O2" />
					<Add option="-O1" />
				</Compiler>
			</Target>
		</Build>
		<Unit filename="classes\fileout.cpp" />
		<Unit filename="classes\mclasses.cpp" />
		<Unit filename="classes\mclasses.h" />
		<Unit filename="classes\mcom.cpp" />
		<Unit filename="classes\mresults.cpp" />
		<Unit filename="classes\mresults.h" />
		<Unit filename="classes\prefs.cpp" />
		<Unit filename="classes\prefs.h" />
		<Unit filename="classes\random.cpp" />
		<Unit filename="classes\random.h" />
		<Unit filename="classes\rng.cpp" />
		<Unit filename="classes\rng.h" />
		<Unit filename="classes\species.cpp" />
		<Unit filename="classes\species.h" />
		<Unit filename="mainVegModel.cpp" />
		<Extensions>
			<code_completion />
			<debugger>
				<search_path add="C:\Dokumente und Einstellungen\Katrin\Eigene Dateien\Modell\VM-DevC\classes" />
			</debugger>
		</Extensions>
	</Project>
</CodeBlocks_project_file>
